// !$*UTF8*$!
{
	archiveVersion = 1;
	classes = {
	};
	objectVersion = 56;
	objects = {

/* Begin PBXBuildFile section */
		1BD755FE64C343FD5DBE909E /* Pods_AdapterPatternTests.framework in Frameworks */ = {isa = PBXBuildFile; fileRef = 84DFCDC5A55E4A09774E3A83 /* Pods_AdapterPatternTests.framework */; };
		4F85C9CC1936C359520CCEB3 /* Pods_AdapterPattern_AdapterPatternUITests.framework in Frameworks */ = {isa = PBXBuildFile; fileRef = B73468018C52BD46FBC4092C /* Pods_AdapterPattern_AdapterPatternUITests.framework */; };
		5C2FF3E62C3415850045E3C9 /* AppDelegate.swift in Sources */ = {isa = PBXBuildFile; fileRef = 5C2FF3E52C3415850045E3C9 /* AppDelegate.swift */; };
		5C2FF3E82C3415850045E3C9 /* SceneDelegate.swift in Sources */ = {isa = PBXBuildFile; fileRef = 5C2FF3E72C3415850045E3C9 /* SceneDelegate.swift */; };
		5C2FF3EA2C3415850045E3C9 /* UsersViewController.swift in Sources */ = {isa = PBXBuildFile; fileRef = 5C2FF3E92C3415850045E3C9 /* UsersViewController.swift */; };
		5C2FF3ED2C3415850045E3C9 /* Base in Resources */ = {isa = PBXBuildFile; fileRef = 5C2FF3EC2C3415850045E3C9 /* Base */; };
		5C2FF3F02C3415850045E3C9 /* AdapterPattern.xcdatamodeld in Sources */ = {isa = PBXBuildFile; fileRef = 5C2FF3EE2C3415850045E3C9 /* AdapterPattern.xcdatamodeld */; };
		5C2FF3F22C3415870045E3C9 /* Assets.xcassets in Resources */ = {isa = PBXBuildFile; fileRef = 5C2FF3F12C3415870045E3C9 /* Assets.xcassets */; };
		5C2FF3F52C3415870045E3C9 /* Base in Resources */ = {isa = PBXBuildFile; fileRef = 5C2FF3F42C3415870045E3C9 /* Base */; };
		5C2FF4002C3415880045E3C9 /* AdapterPatternTests.swift in Sources */ = {isa = PBXBuildFile; fileRef = 5C2FF3FF2C3415880045E3C9 /* AdapterPatternTests.swift */; };
		5C2FF40A2C3415880045E3C9 /* AdapterPatternUITests.swift in Sources */ = {isa = PBXBuildFile; fileRef = 5C2FF4092C3415880045E3C9 /* AdapterPatternUITests.swift */; };
		5C2FF40C2C3415880045E3C9 /* AdapterPatternUITestsLaunchTests.swift in Sources */ = {isa = PBXBuildFile; fileRef = 5C2FF40B2C3415880045E3C9 /* AdapterPatternUITestsLaunchTests.swift */; };
		5C2FF4252C34180C0045E3C9 /* Product+CoreDataClass.swift in Sources */ = {isa = PBXBuildFile; fileRef = 5C2FF4212C34180C0045E3C9 /* Product+CoreDataClass.swift */; };
		5C2FF4262C34180C0045E3C9 /* Product+CoreDataProperties.swift in Sources */ = {isa = PBXBuildFile; fileRef = 5C2FF4222C34180C0045E3C9 /* Product+CoreDataProperties.swift */; };
		5C2FF4272C34180C0045E3C9 /* User+CoreDataClass.swift in Sources */ = {isa = PBXBuildFile; fileRef = 5C2FF4232C34180C0045E3C9 /* User+CoreDataClass.swift */; };
		5C2FF4282C34180C0045E3C9 /* User+CoreDataProperties.swift in Sources */ = {isa = PBXBuildFile; fileRef = 5C2FF4242C34180C0045E3C9 /* User+CoreDataProperties.swift */; };
		5C2FF42C2C3421890045E3C9 /* CoreDataManager.swift in Sources */ = {isa = PBXBuildFile; fileRef = 5C2FF42B2C3421890045E3C9 /* CoreDataManager.swift */; };
		5C2FF42F2C342BB40045E3C9 /* AddOrEditUserViewController.swift in Sources */ = {isa = PBXBuildFile; fileRef = 5C2FF42D2C342BB40045E3C9 /* AddOrEditUserViewController.swift */; };
		5C2FF4302C342BB40045E3C9 /* AddOrEditUserViewController.xib in Resources */ = {isa = PBXBuildFile; fileRef = 5C2FF42E2C342BB40045E3C9 /* AddOrEditUserViewController.xib */; };
		5C2FF4332C342CBF0045E3C9 /* NibInitializable.swift in Sources */ = {isa = PBXBuildFile; fileRef = 5C2FF4322C342CBF0045E3C9 /* NibInitializable.swift */; };
		5C2FF4352C342F680045E3C9 /* String+Extension.swift in Sources */ = {isa = PBXBuildFile; fileRef = 5C2FF4342C342F680045E3C9 /* String+Extension.swift */; };
		5C5CC6072C3BCD800046DC28 /* Flow_1.png in Resources */ = {isa = PBXBuildFile; fileRef = 5C5CC6062C3BCD800046DC28 /* Flow_1.png */; };
		5C5CC6092C3BCD860046DC28 /* Flow_2.png in Resources */ = {isa = PBXBuildFile; fileRef = 5C5CC6082C3BCD860046DC28 /* Flow_2.png */; };
		5C5CC60D2C3BCE270046DC28 /* What is Design Pattern.png in Resources */ = {isa = PBXBuildFile; fileRef = 5C5CC60C2C3BCE270046DC28 /* What is Design Pattern.png */; };
		5C5CC60F2C3BCE5B0046DC28 /* Types_of_Patterns.png in Resources */ = {isa = PBXBuildFile; fileRef = 5C5CC60E2C3BCE5B0046DC28 /* Types_of_Patterns.png */; };
		5C72DD9C2C348F19008F8B30 /* CoreDataWrapper.swift in Sources */ = {isa = PBXBuildFile; fileRef = 5C72DD9B2C348F19008F8B30 /* CoreDataWrapper.swift */; };
		5C72DD9E2C349128008F8B30 /* ConcreteCoreDataWrapper.swift in Sources */ = {isa = PBXBuildFile; fileRef = 5C72DD9D2C349128008F8B30 /* ConcreteCoreDataWrapper.swift */; };
		5C72DDA12C349201008F8B30 /* CoreStore in Frameworks */ = {isa = PBXBuildFile; productRef = 5C72DDA02C349201008F8B30 /* CoreStore */; };
		5C72DDA32C3575D0008F8B30 /* CoreDataContexts.swift in Sources */ = {isa = PBXBuildFile; fileRef = 5C72DDA22C3575D0008F8B30 /* CoreDataContexts.swift */; };
		D618FF778A88B99D37E18720 /* Pods_AdapterPattern.framework in Frameworks */ = {isa = PBXBuildFile; fileRef = 608568B6F1A563AA7696C080 /* Pods_AdapterPattern.framework */; };
/* End PBXBuildFile section */

/* Begin PBXContainerItemProxy section */
		5C2FF3FC2C3415880045E3C9 /* PBXContainerItemProxy */ = {
			isa = PBXContainerItemProxy;
			containerPortal = 5C2FF3DA2C3415850045E3C9 /* Project object */;
			proxyType = 1;
			remoteGlobalIDString = 5C2FF3E12C3415850045E3C9;
			remoteInfo = AdapterPattern;
		};
		5C2FF4062C3415880045E3C9 /* PBXContainerItemProxy */ = {
			isa = PBXContainerItemProxy;
			containerPortal = 5C2FF3DA2C3415850045E3C9 /* Project object */;
			proxyType = 1;
			remoteGlobalIDString = 5C2FF3E12C3415850045E3C9;
			remoteInfo = AdapterPattern;
		};
/* End PBXContainerItemProxy section */

/* Begin PBXFileReference section */
		5C2FF3E22C3415850045E3C9 /* AdapterPattern.app */ = {isa = PBXFileReference; explicitFileType = wrapper.application; includeInIndex = 0; path = AdapterPattern.app; sourceTree = BUILT_PRODUCTS_DIR; };
		5C2FF3E52C3415850045E3C9 /* AppDelegate.swift */ = {isa = PBXFileReference; lastKnownFileType = sourcecode.swift; path = AppDelegate.swift; sourceTree = "<group>"; };
		5C2FF3E72C3415850045E3C9 /* SceneDelegate.swift */ = {isa = PBXFileReference; lastKnownFileType = sourcecode.swift; path = SceneDelegate.swift; sourceTree = "<group>"; };
		5C2FF3E92C3415850045E3C9 /* UsersViewController.swift */ = {isa = PBXFileReference; lastKnownFileType = sourcecode.swift; path = UsersViewController.swift; sourceTree = "<group>"; };
		5C2FF3EC2C3415850045E3C9 /* Base */ = {isa = PBXFileReference; lastKnownFileType = file.storyboard; name = Base; path = Base.lproj/Main.storyboard; sourceTree = "<group>"; };
		5C2FF3EF2C3415850045E3C9 /* AdapterPattern.xcdatamodel */ = {isa = PBXFileReference; lastKnownFileType = wrapper.xcdatamodel; path = AdapterPattern.xcdatamodel; sourceTree = "<group>"; };
		5C2FF3F12C3415870045E3C9 /* Assets.xcassets */ = {isa = PBXFileReference; lastKnownFileType = folder.assetcatalog; path = Assets.xcassets; sourceTree = "<group>"; };
		5C2FF3F42C3415870045E3C9 /* Base */ = {isa = PBXFileReference; lastKnownFileType = file.storyboard; name = Base; path = Base.lproj/LaunchScreen.storyboard; sourceTree = "<group>"; };
		5C2FF3F62C3415870045E3C9 /* Info.plist */ = {isa = PBXFileReference; lastKnownFileType = text.plist.xml; path = Info.plist; sourceTree = "<group>"; };
		5C2FF3FB2C3415880045E3C9 /* AdapterPatternTests.xctest */ = {isa = PBXFileReference; explicitFileType = wrapper.cfbundle; includeInIndex = 0; path = AdapterPatternTests.xctest; sourceTree = BUILT_PRODUCTS_DIR; };
		5C2FF3FF2C3415880045E3C9 /* AdapterPatternTests.swift */ = {isa = PBXFileReference; lastKnownFileType = sourcecode.swift; path = AdapterPatternTests.swift; sourceTree = "<group>"; };
		5C2FF4052C3415880045E3C9 /* AdapterPatternUITests.xctest */ = {isa = PBXFileReference; explicitFileType = wrapper.cfbundle; includeInIndex = 0; path = AdapterPatternUITests.xctest; sourceTree = BUILT_PRODUCTS_DIR; };
		5C2FF4092C3415880045E3C9 /* AdapterPatternUITests.swift */ = {isa = PBXFileReference; lastKnownFileType = sourcecode.swift; path = AdapterPatternUITests.swift; sourceTree = "<group>"; };
		5C2FF40B2C3415880045E3C9 /* AdapterPatternUITestsLaunchTests.swift */ = {isa = PBXFileReference; lastKnownFileType = sourcecode.swift; path = AdapterPatternUITestsLaunchTests.swift; sourceTree = "<group>"; };
		5C2FF4212C34180C0045E3C9 /* Product+CoreDataClass.swift */ = {isa = PBXFileReference; lastKnownFileType = sourcecode.swift; path = "Product+CoreDataClass.swift"; sourceTree = "<group>"; };
		5C2FF4222C34180C0045E3C9 /* Product+CoreDataProperties.swift */ = {isa = PBXFileReference; lastKnownFileType = sourcecode.swift; path = "Product+CoreDataProperties.swift"; sourceTree = "<group>"; };
		5C2FF4232C34180C0045E3C9 /* User+CoreDataClass.swift */ = {isa = PBXFileReference; lastKnownFileType = sourcecode.swift; path = "User+CoreDataClass.swift"; sourceTree = "<group>"; };
		5C2FF4242C34180C0045E3C9 /* User+CoreDataProperties.swift */ = {isa = PBXFileReference; lastKnownFileType = sourcecode.swift; path = "User+CoreDataProperties.swift"; sourceTree = "<group>"; };
		5C2FF42B2C3421890045E3C9 /* CoreDataManager.swift */ = {isa = PBXFileReference; lastKnownFileType = sourcecode.swift; path = CoreDataManager.swift; sourceTree = "<group>"; };
		5C2FF42D2C342BB40045E3C9 /* AddOrEditUserViewController.swift */ = {isa = PBXFileReference; lastKnownFileType = sourcecode.swift; path = AddOrEditUserViewController.swift; sourceTree = "<group>"; };
		5C2FF42E2C342BB40045E3C9 /* AddOrEditUserViewController.xib */ = {isa = PBXFileReference; lastKnownFileType = file.xib; path = AddOrEditUserViewController.xib; sourceTree = "<group>"; };
		5C2FF4322C342CBF0045E3C9 /* NibInitializable.swift */ = {isa = PBXFileReference; lastKnownFileType = sourcecode.swift; path = NibInitializable.swift; sourceTree = "<group>"; };
		5C2FF4342C342F680045E3C9 /* String+Extension.swift */ = {isa = PBXFileReference; lastKnownFileType = sourcecode.swift; path = "String+Extension.swift"; sourceTree = "<group>"; };
		5C5CC6062C3BCD800046DC28 /* Flow_1.png */ = {isa = PBXFileReference; lastKnownFileType = image.png; path = Flow_1.png; sourceTree = "<group>"; };
		5C5CC6082C3BCD860046DC28 /* Flow_2.png */ = {isa = PBXFileReference; lastKnownFileType = image.png; path = Flow_2.png; sourceTree = "<group>"; };
		5C5CC60C2C3BCE270046DC28 /* What is Design Pattern.png */ = {isa = PBXFileReference; lastKnownFileType = image.png; path = "What is Design Pattern.png"; sourceTree = "<group>"; };
		5C5CC60E2C3BCE5B0046DC28 /* Types_of_Patterns.png */ = {isa = PBXFileReference; lastKnownFileType = image.png; path = Types_of_Patterns.png; sourceTree = "<group>"; };
		5C72DD9B2C348F19008F8B30 /* CoreDataWrapper.swift */ = {isa = PBXFileReference; lastKnownFileType = sourcecode.swift; path = CoreDataWrapper.swift; sourceTree = "<group>"; };
		5C72DD9D2C349128008F8B30 /* ConcreteCoreDataWrapper.swift */ = {isa = PBXFileReference; lastKnownFileType = sourcecode.swift; path = ConcreteCoreDataWrapper.swift; sourceTree = "<group>"; };
		5C72DDA22C3575D0008F8B30 /* CoreDataContexts.swift */ = {isa = PBXFileReference; lastKnownFileType = sourcecode.swift; path = CoreDataContexts.swift; sourceTree = "<group>"; };
		608568B6F1A563AA7696C080 /* Pods_AdapterPattern.framework */ = {isa = PBXFileReference; explicitFileType = wrapper.framework; includeInIndex = 0; path = Pods_AdapterPattern.framework; sourceTree = BUILT_PRODUCTS_DIR; };
		7577B2EAD00A56AC98F49093 /* Pods-AdapterPattern-AdapterPatternUITests.release.xcconfig */ = {isa = PBXFileReference; includeInIndex = 1; lastKnownFileType = text.xcconfig; name = "Pods-AdapterPattern-AdapterPatternUITests.release.xcconfig"; path = "Target Support Files/Pods-AdapterPattern-AdapterPatternUITests/Pods-AdapterPattern-AdapterPatternUITests.release.xcconfig"; sourceTree = "<group>"; };
		76225727ED7174883C6708D5 /* Pods-AdapterPattern.release.xcconfig */ = {isa = PBXFileReference; includeInIndex = 1; lastKnownFileType = text.xcconfig; name = "Pods-AdapterPattern.release.xcconfig"; path = "Target Support Files/Pods-AdapterPattern/Pods-AdapterPattern.release.xcconfig"; sourceTree = "<group>"; };
		837B6497A1A63AAC046DFE14 /* Pods-AdapterPatternTests.debug.xcconfig */ = {isa = PBXFileReference; includeInIndex = 1; lastKnownFileType = text.xcconfig; name = "Pods-AdapterPatternTests.debug.xcconfig"; path = "Target Support Files/Pods-AdapterPatternTests/Pods-AdapterPatternTests.debug.xcconfig"; sourceTree = "<group>"; };
		84DFCDC5A55E4A09774E3A83 /* Pods_AdapterPatternTests.framework */ = {isa = PBXFileReference; explicitFileType = wrapper.framework; includeInIndex = 0; path = Pods_AdapterPatternTests.framework; sourceTree = BUILT_PRODUCTS_DIR; };
		8D9D0C2BE727CB7B926C58A7 /* Pods-AdapterPatternTests.release.xcconfig */ = {isa = PBXFileReference; includeInIndex = 1; lastKnownFileType = text.xcconfig; name = "Pods-AdapterPatternTests.release.xcconfig"; path = "Target Support Files/Pods-AdapterPatternTests/Pods-AdapterPatternTests.release.xcconfig"; sourceTree = "<group>"; };
		B73468018C52BD46FBC4092C /* Pods_AdapterPattern_AdapterPatternUITests.framework */ = {isa = PBXFileReference; explicitFileType = wrapper.framework; includeInIndex = 0; path = Pods_AdapterPattern_AdapterPatternUITests.framework; sourceTree = BUILT_PRODUCTS_DIR; };
		DF57775F9F0D5ED7A0114629 /* Pods-AdapterPattern-AdapterPatternUITests.debug.xcconfig */ = {isa = PBXFileReference; includeInIndex = 1; lastKnownFileType = text.xcconfig; name = "Pods-AdapterPattern-AdapterPatternUITests.debug.xcconfig"; path = "Target Support Files/Pods-AdapterPattern-AdapterPatternUITests/Pods-AdapterPattern-AdapterPatternUITests.debug.xcconfig"; sourceTree = "<group>"; };
		E142338C2253EBED04D8312E /* Pods-AdapterPattern.debug.xcconfig */ = {isa = PBXFileReference; includeInIndex = 1; lastKnownFileType = text.xcconfig; name = "Pods-AdapterPattern.debug.xcconfig"; path = "Target Support Files/Pods-AdapterPattern/Pods-AdapterPattern.debug.xcconfig"; sourceTree = "<group>"; };
/* End PBXFileReference section */

/* Begin PBXFrameworksBuildPhase section */
		5C2FF3DF2C3415850045E3C9 /* Frameworks */ = {
			isa = PBXFrameworksBuildPhase;
			buildActionMask = 2147483647;
			files = (
				D618FF778A88B99D37E18720 /* Pods_AdapterPattern.framework in Frameworks */,
				5C72DDA12C349201008F8B30 /* CoreStore in Frameworks */,
			);
			runOnlyForDeploymentPostprocessing = 0;
		};
		5C2FF3F82C3415880045E3C9 /* Frameworks */ = {
			isa = PBXFrameworksBuildPhase;
			buildActionMask = 2147483647;
			files = (
				1BD755FE64C343FD5DBE909E /* Pods_AdapterPatternTests.framework in Frameworks */,
			);
			runOnlyForDeploymentPostprocessing = 0;
		};
		5C2FF4022C3415880045E3C9 /* Frameworks */ = {
			isa = PBXFrameworksBuildPhase;
			buildActionMask = 2147483647;
			files = (
				4F85C9CC1936C359520CCEB3 /* Pods_AdapterPattern_AdapterPatternUITests.framework in Frameworks */,
			);
			runOnlyForDeploymentPostprocessing = 0;
		};
/* End PBXFrameworksBuildPhase section */

/* Begin PBXGroup section */
		5C2FF3D92C3415850045E3C9 = {
			isa = PBXGroup;
			children = (
				5C5CC60A2C3BCDED0046DC28 /* What is Design Patter */,
				5C5CC60B2C3BCE050046DC28 /* FlowChart */,
				5C2FF3E42C3415850045E3C9 /* AdapterPattern */,
				5C2FF3FE2C3415880045E3C9 /* AdapterPatternTests */,
				5C2FF4082C3415880045E3C9 /* AdapterPatternUITests */,
				5C2FF3E32C3415850045E3C9 /* Products */,
				DD3C5298CBD08BF87F213B2B /* Pods */,
				EEFD74FEC9F9645C3406AB28 /* Frameworks */,
			);
			sourceTree = "<group>";
		};
		5C2FF3E32C3415850045E3C9 /* Products */ = {
			isa = PBXGroup;
			children = (
				5C2FF3E22C3415850045E3C9 /* AdapterPattern.app */,
				5C2FF3FB2C3415880045E3C9 /* AdapterPatternTests.xctest */,
				5C2FF4052C3415880045E3C9 /* AdapterPatternUITests.xctest */,
			);
			name = Products;
			sourceTree = "<group>";
		};
		5C2FF3E42C3415850045E3C9 /* AdapterPattern */ = {
			isa = PBXGroup;
			children = (
				5C2FF3E52C3415850045E3C9 /* AppDelegate.swift */,
				5C2FF3E72C3415850045E3C9 /* SceneDelegate.swift */,
				5C2FF3E92C3415850045E3C9 /* UsersViewController.swift */,
				5C2FF42D2C342BB40045E3C9 /* AddOrEditUserViewController.swift */,
				5C2FF42E2C342BB40045E3C9 /* AddOrEditUserViewController.xib */,
				5C2FF3EB2C3415850045E3C9 /* Main.storyboard */,
				5C2FF3F12C3415870045E3C9 /* Assets.xcassets */,
				5C2FF3F32C3415870045E3C9 /* LaunchScreen.storyboard */,
				5C2FF3F62C3415870045E3C9 /* Info.plist */,
				5C72DD9A2C348EF2008F8B30 /* Adapter */,
				5C2FF4312C342CA80045E3C9 /* NibInitialize */,
				5C2FF4182C3416FC0045E3C9 /* CoreData */,
				5C2FF4342C342F680045E3C9 /* String+Extension.swift */,
			);
			path = AdapterPattern;
			sourceTree = "<group>";
		};
		5C2FF3FE2C3415880045E3C9 /* AdapterPatternTests */ = {
			isa = PBXGroup;
			children = (
				5C2FF3FF2C3415880045E3C9 /* AdapterPatternTests.swift */,
			);
			path = AdapterPatternTests;
			sourceTree = "<group>";
		};
		5C2FF4082C3415880045E3C9 /* AdapterPatternUITests */ = {
			isa = PBXGroup;
			children = (
				5C2FF4092C3415880045E3C9 /* AdapterPatternUITests.swift */,
				5C2FF40B2C3415880045E3C9 /* AdapterPatternUITestsLaunchTests.swift */,
			);
			path = AdapterPatternUITests;
			sourceTree = "<group>";
		};
		5C2FF4182C3416FC0045E3C9 /* CoreData */ = {
			isa = PBXGroup;
			children = (
				5C2FF42B2C3421890045E3C9 /* CoreDataManager.swift */,
				5C2FF4212C34180C0045E3C9 /* Product+CoreDataClass.swift */,
				5C2FF4222C34180C0045E3C9 /* Product+CoreDataProperties.swift */,
				5C2FF4232C34180C0045E3C9 /* User+CoreDataClass.swift */,
				5C2FF4242C34180C0045E3C9 /* User+CoreDataProperties.swift */,
				5C2FF3EE2C3415850045E3C9 /* AdapterPattern.xcdatamodeld */,
			);
			path = CoreData;
			sourceTree = "<group>";
		};
		5C2FF4312C342CA80045E3C9 /* NibInitialize */ = {
			isa = PBXGroup;
			children = (
				5C2FF4322C342CBF0045E3C9 /* NibInitializable.swift */,
			);
			path = NibInitialize;
			sourceTree = "<group>";
		};
		5C5CC60A2C3BCDED0046DC28 /* What is Design Patter */ = {
			isa = PBXGroup;
			children = (
				5C5CC60C2C3BCE270046DC28 /* What is Design Pattern.png */,
				5C5CC60E2C3BCE5B0046DC28 /* Types_of_Patterns.png */,
			);
			path = "What is Design Patter";
			sourceTree = "<group>";
		};
		5C5CC60B2C3BCE050046DC28 /* FlowChart */ = {
			isa = PBXGroup;
			children = (
				5C5CC6062C3BCD800046DC28 /* Flow_1.png */,
				5C5CC6082C3BCD860046DC28 /* Flow_2.png */,
			);
			path = FlowChart;
			sourceTree = "<group>";
		};
		5C72DD9A2C348EF2008F8B30 /* Adapter */ = {
			isa = PBXGroup;
			children = (
				5C72DD9B2C348F19008F8B30 /* CoreDataWrapper.swift */,
				5C72DD9D2C349128008F8B30 /* ConcreteCoreDataWrapper.swift */,
				5C72DDA22C3575D0008F8B30 /* CoreDataContexts.swift */,
			);
			path = Adapter;
			sourceTree = "<group>";
		};
		DD3C5298CBD08BF87F213B2B /* Pods */ = {
			isa = PBXGroup;
			children = (
				E142338C2253EBED04D8312E /* Pods-AdapterPattern.debug.xcconfig */,
				76225727ED7174883C6708D5 /* Pods-AdapterPattern.release.xcconfig */,
				DF57775F9F0D5ED7A0114629 /* Pods-AdapterPattern-AdapterPatternUITests.debug.xcconfig */,
				7577B2EAD00A56AC98F49093 /* Pods-AdapterPattern-AdapterPatternUITests.release.xcconfig */,
				837B6497A1A63AAC046DFE14 /* Pods-AdapterPatternTests.debug.xcconfig */,
				8D9D0C2BE727CB7B926C58A7 /* Pods-AdapterPatternTests.release.xcconfig */,
			);
			path = Pods;
			sourceTree = "<group>";
		};
		EEFD74FEC9F9645C3406AB28 /* Frameworks */ = {
			isa = PBXGroup;
			children = (
				608568B6F1A563AA7696C080 /* Pods_AdapterPattern.framework */,
				B73468018C52BD46FBC4092C /* Pods_AdapterPattern_AdapterPatternUITests.framework */,
				84DFCDC5A55E4A09774E3A83 /* Pods_AdapterPatternTests.framework */,
			);
			name = Frameworks;
			sourceTree = "<group>";
		};
/* End PBXGroup section */

/* Begin PBXNativeTarget section */
		5C2FF3E12C3415850045E3C9 /* AdapterPattern */ = {
			isa = PBXNativeTarget;
			buildConfigurationList = 5C2FF40F2C3415880045E3C9 /* Build configuration list for PBXNativeTarget "AdapterPattern" */;
			buildPhases = (
				6BA249E2D51D9D5751A7CCE7 /* [CP] Check Pods Manifest.lock */,
				5C2FF3DE2C3415850045E3C9 /* Sources */,
				5C2FF3DF2C3415850045E3C9 /* Frameworks */,
				5C2FF3E02C3415850045E3C9 /* Resources */,
				C4A65AD0E36F0158A349E28F /* [CP] Embed Pods Frameworks */,
			);
			buildRules = (
			);
			dependencies = (
			);
			name = AdapterPattern;
			packageProductDependencies = (
				5C72DDA02C349201008F8B30 /* CoreStore */,
			);
			productName = AdapterPattern;
			productReference = 5C2FF3E22C3415850045E3C9 /* AdapterPattern.app */;
			productType = "com.apple.product-type.application";
		};
		5C2FF3FA2C3415880045E3C9 /* AdapterPatternTests */ = {
			isa = PBXNativeTarget;
			buildConfigurationList = 5C2FF4122C3415880045E3C9 /* Build configuration list for PBXNativeTarget "AdapterPatternTests" */;
			buildPhases = (
				D28586E15D0BA2F208FE2BC4 /* [CP] Check Pods Manifest.lock */,
				5C2FF3F72C3415880045E3C9 /* Sources */,
				5C2FF3F82C3415880045E3C9 /* Frameworks */,
				5C2FF3F92C3415880045E3C9 /* Resources */,
			);
			buildRules = (
			);
			dependencies = (
				5C2FF3FD2C3415880045E3C9 /* PBXTargetDependency */,
			);
			name = AdapterPatternTests;
			productName = AdapterPatternTests;
			productReference = 5C2FF3FB2C3415880045E3C9 /* AdapterPatternTests.xctest */;
			productType = "com.apple.product-type.bundle.unit-test";
		};
		5C2FF4042C3415880045E3C9 /* AdapterPatternUITests */ = {
			isa = PBXNativeTarget;
			buildConfigurationList = 5C2FF4152C3415880045E3C9 /* Build configuration list for PBXNativeTarget "AdapterPatternUITests" */;
			buildPhases = (
				E71D72474E9782A04077606F /* [CP] Check Pods Manifest.lock */,
				5C2FF4012C3415880045E3C9 /* Sources */,
				5C2FF4022C3415880045E3C9 /* Frameworks */,
				5C2FF4032C3415880045E3C9 /* Resources */,
				163E6E0DEC64FB956338F1EF /* [CP] Embed Pods Frameworks */,
			);
			buildRules = (
			);
			dependencies = (
				5C2FF4072C3415880045E3C9 /* PBXTargetDependency */,
			);
			name = AdapterPatternUITests;
			productName = AdapterPatternUITests;
			productReference = 5C2FF4052C3415880045E3C9 /* AdapterPatternUITests.xctest */;
			productType = "com.apple.product-type.bundle.ui-testing";
		};
/* End PBXNativeTarget section */

/* Begin PBXProject section */
		5C2FF3DA2C3415850045E3C9 /* Project object */ = {
			isa = PBXProject;
			attributes = {
				BuildIndependentTargetsInParallel = 1;
				LastSwiftUpdateCheck = 1540;
				LastUpgradeCheck = 1540;
				TargetAttributes = {
					5C2FF3E12C3415850045E3C9 = {
						CreatedOnToolsVersion = 15.4;
					};
					5C2FF3FA2C3415880045E3C9 = {
						CreatedOnToolsVersion = 15.4;
						TestTargetID = 5C2FF3E12C3415850045E3C9;
					};
					5C2FF4042C3415880045E3C9 = {
						CreatedOnToolsVersion = 15.4;
						TestTargetID = 5C2FF3E12C3415850045E3C9;
					};
				};
			};
			buildConfigurationList = 5C2FF3DD2C3415850045E3C9 /* Build configuration list for PBXProject "AdapterPattern" */;
			compatibilityVersion = "Xcode 14.0";
			developmentRegion = en;
			hasScannedForEncodings = 0;
			knownRegions = (
				en,
				Base,
			);
			mainGroup = 5C2FF3D92C3415850045E3C9;
			packageReferences = (
				5C72DD9F2C349201008F8B30 /* XCRemoteSwiftPackageReference "CoreStore" */,
			);
			productRefGroup = 5C2FF3E32C3415850045E3C9 /* Products */;
			projectDirPath = "";
			projectRoot = "";
			targets = (
				5C2FF3E12C3415850045E3C9 /* AdapterPattern */,
				5C2FF3FA2C3415880045E3C9 /* AdapterPatternTests */,
				5C2FF4042C3415880045E3C9 /* AdapterPatternUITests */,
			);
		};
/* End PBXProject section */

/* Begin PBXResourcesBuildPhase section */
		5C2FF3E02C3415850045E3C9 /* Resources */ = {
			isa = PBXResourcesBuildPhase;
			buildActionMask = 2147483647;
			files = (
				5C2FF3F22C3415870045E3C9 /* Assets.xcassets in Resources */,
				5C5CC60F2C3BCE5B0046DC28 /* Types_of_Patterns.png in Resources */,
				5C5CC6072C3BCD800046DC28 /* Flow_1.png in Resources */,
				5C2FF4302C342BB40045E3C9 /* AddOrEditUserViewController.xib in Resources */,
				5C5CC60D2C3BCE270046DC28 /* What is Design Pattern.png in Resources */,
				5C2FF3F52C3415870045E3C9 /* Base in Resources */,
				5C5CC6092C3BCD860046DC28 /* Flow_2.png in Resources */,
				5C2FF3ED2C3415850045E3C9 /* Base in Resources */,
			);
			runOnlyForDeploymentPostprocessing = 0;
		};
		5C2FF3F92C3415880045E3C9 /* Resources */ = {
			isa = PBXResourcesBuildPhase;
			buildActionMask = 2147483647;
			files = (
			);
			runOnlyForDeploymentPostprocessing = 0;
		};
		5C2FF4032C3415880045E3C9 /* Resources */ = {
			isa = PBXResourcesBuildPhase;
			buildActionMask = 2147483647;
			files = (
			);
			runOnlyForDeploymentPostprocessing = 0;
		};
/* End PBXResourcesBuildPhase section */

/* Begin PBXShellScriptBuildPhase section */
		163E6E0DEC64FB956338F1EF /* [CP] Embed Pods Frameworks */ = {
			isa = PBXShellScriptBuildPhase;
			buildActionMask = 2147483647;
			files = (
			);
			inputFileListPaths = (
				"${PODS_ROOT}/Target Support Files/Pods-AdapterPattern-AdapterPatternUITests/Pods-AdapterPattern-AdapterPatternUITests-frameworks-${CONFIGURATION}-input-files.xcfilelist",
			);
			name = "[CP] Embed Pods Frameworks";
			outputFileListPaths = (
				"${PODS_ROOT}/Target Support Files/Pods-AdapterPattern-AdapterPatternUITests/Pods-AdapterPattern-AdapterPatternUITests-frameworks-${CONFIGURATION}-output-files.xcfilelist",
			);
			runOnlyForDeploymentPostprocessing = 0;
			shellPath = /bin/sh;
			shellScript = "\"${PODS_ROOT}/Target Support Files/Pods-AdapterPattern-AdapterPatternUITests/Pods-AdapterPattern-AdapterPatternUITests-frameworks.sh\"\n";
			showEnvVarsInLog = 0;
		};
		6BA249E2D51D9D5751A7CCE7 /* [CP] Check Pods Manifest.lock */ = {
			isa = PBXShellScriptBuildPhase;
			buildActionMask = 2147483647;
			files = (
			);
			inputFileListPaths = (
			);
			inputPaths = (
				"${PODS_PODFILE_DIR_PATH}/Podfile.lock",
				"${PODS_ROOT}/Manifest.lock",
			);
			name = "[CP] Check Pods Manifest.lock";
			outputFileListPaths = (
			);
			outputPaths = (
				"$(DERIVED_FILE_DIR)/Pods-AdapterPattern-checkManifestLockResult.txt",
			);
			runOnlyForDeploymentPostprocessing = 0;
			shellPath = /bin/sh;
			shellScript = "diff \"${PODS_PODFILE_DIR_PATH}/Podfile.lock\" \"${PODS_ROOT}/Manifest.lock\" > /dev/null\nif [ $? != 0 ] ; then\n    # print error to STDERR\n    echo \"error: The sandbox is not in sync with the Podfile.lock. Run 'pod install' or update your CocoaPods installation.\" >&2\n    exit 1\nfi\n# This output is used by Xcode 'outputs' to avoid re-running this script phase.\necho \"SUCCESS\" > \"${SCRIPT_OUTPUT_FILE_0}\"\n";
			showEnvVarsInLog = 0;
		};
		C4A65AD0E36F0158A349E28F /* [CP] Embed Pods Frameworks */ = {
			isa = PBXShellScriptBuildPhase;
			buildActionMask = 2147483647;
			files = (
			);
			inputFileListPaths = (
				"${PODS_ROOT}/Target Support Files/Pods-AdapterPattern/Pods-AdapterPattern-frameworks-${CONFIGURATION}-input-files.xcfilelist",
			);
			name = "[CP] Embed Pods Frameworks";
			outputFileListPaths = (
				"${PODS_ROOT}/Target Support Files/Pods-AdapterPattern/Pods-AdapterPattern-frameworks-${CONFIGURATION}-output-files.xcfilelist",
			);
			runOnlyForDeploymentPostprocessing = 0;
			shellPath = /bin/sh;
			shellScript = "\"${PODS_ROOT}/Target Support Files/Pods-AdapterPattern/Pods-AdapterPattern-frameworks.sh\"\n";
			showEnvVarsInLog = 0;
		};
		D28586E15D0BA2F208FE2BC4 /* [CP] Check Pods Manifest.lock */ = {
			isa = PBXShellScriptBuildPhase;
			buildActionMask = 2147483647;
			files = (
			);
			inputFileListPaths = (
			);
			inputPaths = (
				"${PODS_PODFILE_DIR_PATH}/Podfile.lock",
				"${PODS_ROOT}/Manifest.lock",
			);
			name = "[CP] Check Pods Manifest.lock";
			outputFileListPaths = (
			);
			outputPaths = (
				"$(DERIVED_FILE_DIR)/Pods-AdapterPatternTests-checkManifestLockResult.txt",
			);
			runOnlyForDeploymentPostprocessing = 0;
			shellPath = /bin/sh;
			shellScript = "diff \"${PODS_PODFILE_DIR_PATH}/Podfile.lock\" \"${PODS_ROOT}/Manifest.lock\" > /dev/null\nif [ $? != 0 ] ; then\n    # print error to STDERR\n    echo \"error: The sandbox is not in sync with the Podfile.lock. Run 'pod install' or update your CocoaPods installation.\" >&2\n    exit 1\nfi\n# This output is used by Xcode 'outputs' to avoid re-running this script phase.\necho \"SUCCESS\" > \"${SCRIPT_OUTPUT_FILE_0}\"\n";
			showEnvVarsInLog = 0;
		};
		E71D72474E9782A04077606F /* [CP] Check Pods Manifest.lock */ = {
			isa = PBXShellScriptBuildPhase;
			buildActionMask = 2147483647;
			files = (
			);
			inputFileListPaths = (
			);
			inputPaths = (
				"${PODS_PODFILE_DIR_PATH}/Podfile.lock",
				"${PODS_ROOT}/Manifest.lock",
			);
			name = "[CP] Check Pods Manifest.lock";
			outputFileListPaths = (
			);
			outputPaths = (
				"$(DERIVED_FILE_DIR)/Pods-AdapterPattern-AdapterPatternUITests-checkManifestLockResult.txt",
			);
			runOnlyForDeploymentPostprocessing = 0;
			shellPath = /bin/sh;
			shellScript = "diff \"${PODS_PODFILE_DIR_PATH}/Podfile.lock\" \"${PODS_ROOT}/Manifest.lock\" > /dev/null\nif [ $? != 0 ] ; then\n    # print error to STDERR\n    echo \"error: The sandbox is not in sync with the Podfile.lock. Run 'pod install' or update your CocoaPods installation.\" >&2\n    exit 1\nfi\n# This output is used by Xcode 'outputs' to avoid re-running this script phase.\necho \"SUCCESS\" > \"${SCRIPT_OUTPUT_FILE_0}\"\n";
			showEnvVarsInLog = 0;
		};
/* End PBXShellScriptBuildPhase section */

/* Begin PBXSourcesBuildPhase section */
		5C2FF3DE2C3415850045E3C9 /* Sources */ = {
			isa = PBXSourcesBuildPhase;
			buildActionMask = 2147483647;
			files = (
				5C2FF3EA2C3415850045E3C9 /* UsersViewController.swift in Sources */,
				5C2FF3E62C3415850045E3C9 /* AppDelegate.swift in Sources */,
				5C2FF3F02C3415850045E3C9 /* AdapterPattern.xcdatamodeld in Sources */,
				5C2FF3E82C3415850045E3C9 /* SceneDelegate.swift in Sources */,
				5C2FF4352C342F680045E3C9 /* String+Extension.swift in Sources */,
				5C72DD9E2C349128008F8B30 /* ConcreteCoreDataWrapper.swift in Sources */,
				5C2FF4252C34180C0045E3C9 /* Product+CoreDataClass.swift in Sources */,
				5C2FF42F2C342BB40045E3C9 /* AddOrEditUserViewController.swift in Sources */,
				5C72DD9C2C348F19008F8B30 /* CoreDataWrapper.swift in Sources */,
				5C72DDA32C3575D0008F8B30 /* CoreDataContexts.swift in Sources */,
				5C2FF4332C342CBF0045E3C9 /* NibInitializable.swift in Sources */,
				5C2FF4262C34180C0045E3C9 /* Product+CoreDataProperties.swift in Sources */,
				5C2FF42C2C3421890045E3C9 /* CoreDataManager.swift in Sources */,
				5C2FF4272C34180C0045E3C9 /* User+CoreDataClass.swift in Sources */,
				5C2FF4282C34180C0045E3C9 /* User+CoreDataProperties.swift in Sources */,
			);
			runOnlyForDeploymentPostprocessing = 0;
		};
		5C2FF3F72C3415880045E3C9 /* Sources */ = {
			isa = PBXSourcesBuildPhase;
			buildActionMask = 2147483647;
			files = (
				5C2FF4002C3415880045E3C9 /* AdapterPatternTests.swift in Sources */,
			);
			runOnlyForDeploymentPostprocessing = 0;
		};
		5C2FF4012C3415880045E3C9 /* Sources */ = {
			isa = PBXSourcesBuildPhase;
			buildActionMask = 2147483647;
			files = (
				5C2FF40A2C3415880045E3C9 /* AdapterPatternUITests.swift in Sources */,
				5C2FF40C2C3415880045E3C9 /* AdapterPatternUITestsLaunchTests.swift in Sources */,
			);
			runOnlyForDeploymentPostprocessing = 0;
		};
/* End PBXSourcesBuildPhase section */

/* Begin PBXTargetDependency section */
		5C2FF3FD2C3415880045E3C9 /* PBXTargetDependency */ = {
			isa = PBXTargetDependency;
			target = 5C2FF3E12C3415850045E3C9 /* AdapterPattern */;
			targetProxy = 5C2FF3FC2C3415880045E3C9 /* PBXContainerItemProxy */;
		};
		5C2FF4072C3415880045E3C9 /* PBXTargetDependency */ = {
			isa = PBXTargetDependency;
			target = 5C2FF3E12C3415850045E3C9 /* AdapterPattern */;
			targetProxy = 5C2FF4062C3415880045E3C9 /* PBXContainerItemProxy */;
		};
/* End PBXTargetDependency section */

/* Begin PBXVariantGroup section */
		5C2FF3EB2C3415850045E3C9 /* Main.storyboard */ = {
			isa = PBXVariantGroup;
			children = (
				5C2FF3EC2C3415850045E3C9 /* Base */,
			);
			name = Main.storyboard;
			sourceTree = "<group>";
		};
		5C2FF3F32C3415870045E3C9 /* LaunchScreen.storyboard */ = {
			isa = PBXVariantGroup;
			children = (
				5C2FF3F42C3415870045E3C9 /* Base */,
			);
			name = LaunchScreen.storyboard;
			sourceTree = "<group>";
		};
/* End PBXVariantGroup section */

/* Begin XCBuildConfiguration section */
		5C2FF40D2C3415880045E3C9 /* Debug */ = {
			isa = XCBuildConfiguration;
			buildSettings = {
				ALWAYS_SEARCH_USER_PATHS = NO;
				ASSETCATALOG_COMPILER_GENERATE_SWIFT_ASSET_SYMBOL_EXTENSIONS = YES;
				CLANG_ANALYZER_NONNULL = YES;
				CLANG_ANALYZER_NUMBER_OBJECT_CONVERSION = YES_AGGRESSIVE;
				CLANG_CXX_LANGUAGE_STANDARD = "gnu++20";
				CLANG_ENABLE_MODULES = YES;
				CLANG_ENABLE_OBJC_ARC = YES;
				CLANG_ENABLE_OBJC_WEAK = YES;
				CLANG_WARN_BLOCK_CAPTURE_AUTORELEASING = YES;
				CLANG_WARN_BOOL_CONVERSION = YES;
				CLANG_WARN_COMMA = YES;
				CLANG_WARN_CONSTANT_CONVERSION = YES;
				CLANG_WARN_DEPRECATED_OBJC_IMPLEMENTATIONS = YES;
				CLANG_WARN_DIRECT_OBJC_ISA_USAGE = YES_ERROR;
				CLANG_WARN_DOCUMENTATION_COMMENTS = YES;
				CLANG_WARN_EMPTY_BODY = YES;
				CLANG_WARN_ENUM_CONVERSION = YES;
				CLANG_WARN_INFINITE_RECURSION = YES;
				CLANG_WARN_INT_CONVERSION = YES;
				CLANG_WARN_NON_LITERAL_NULL_CONVERSION = YES;
				CLANG_WARN_OBJC_IMPLICIT_RETAIN_SELF = YES;
				CLANG_WARN_OBJC_LITERAL_CONVERSION = YES;
				CLANG_WARN_OBJC_ROOT_CLASS = YES_ERROR;
				CLANG_WARN_QUOTED_INCLUDE_IN_FRAMEWORK_HEADER = YES;
				CLANG_WARN_RANGE_LOOP_ANALYSIS = YES;
				CLANG_WARN_STRICT_PROTOTYPES = YES;
				CLANG_WARN_SUSPICIOUS_MOVE = YES;
				CLANG_WARN_UNGUARDED_AVAILABILITY = YES_AGGRESSIVE;
				CLANG_WARN_UNREACHABLE_CODE = YES;
				CLANG_WARN__DUPLICATE_METHOD_MATCH = YES;
				COPY_PHASE_STRIP = NO;
				DEBUG_INFORMATION_FORMAT = dwarf;
				ENABLE_STRICT_OBJC_MSGSEND = YES;
				ENABLE_TESTABILITY = YES;
				ENABLE_USER_SCRIPT_SANDBOXING = YES;
				GCC_C_LANGUAGE_STANDARD = gnu17;
				GCC_DYNAMIC_NO_PIC = NO;
				GCC_NO_COMMON_BLOCKS = YES;
				GCC_OPTIMIZATION_LEVEL = 0;
				GCC_PREPROCESSOR_DEFINITIONS = (
					"DEBUG=1",
					"$(inherited)",
				);
				GCC_WARN_64_TO_32_BIT_CONVERSION = YES;
				GCC_WARN_ABOUT_RETURN_TYPE = YES_ERROR;
				GCC_WARN_UNDECLARED_SELECTOR = YES;
				GCC_WARN_UNINITIALIZED_AUTOS = YES_AGGRESSIVE;
				GCC_WARN_UNUSED_FUNCTION = YES;
				GCC_WARN_UNUSED_VARIABLE = YES;
				IPHONEOS_DEPLOYMENT_TARGET = 13.0;
				LOCALIZATION_PREFERS_STRING_CATALOGS = YES;
				MTL_ENABLE_DEBUG_INFO = INCLUDE_SOURCE;
				MTL_FAST_MATH = YES;
				ONLY_ACTIVE_ARCH = YES;
				SDKROOT = iphoneos;
				SWIFT_ACTIVE_COMPILATION_CONDITIONS = "DEBUG $(inherited)";
				SWIFT_OPTIMIZATION_LEVEL = "-Onone";
			};
			name = Debug;
		};
		5C2FF40E2C3415880045E3C9 /* Release */ = {
			isa = XCBuildConfiguration;
			buildSettings = {
				ALWAYS_SEARCH_USER_PATHS = NO;
				ASSETCATALOG_COMPILER_GENERATE_SWIFT_ASSET_SYMBOL_EXTENSIONS = YES;
				CLANG_ANALYZER_NONNULL = YES;
				CLANG_ANALYZER_NUMBER_OBJECT_CONVERSION = YES_AGGRESSIVE;
				CLANG_CXX_LANGUAGE_STANDARD = "gnu++20";
				CLANG_ENABLE_MODULES = YES;
				CLANG_ENABLE_OBJC_ARC = YES;
				CLANG_ENABLE_OBJC_WEAK = YES;
				CLANG_WARN_BLOCK_CAPTURE_AUTORELEASING = YES;
				CLANG_WARN_BOOL_CONVERSION = YES;
				CLANG_WARN_COMMA = YES;
				CLANG_WARN_CONSTANT_CONVERSION = YES;
				CLANG_WARN_DEPRECATED_OBJC_IMPLEMENTATIONS = YES;
				CLANG_WARN_DIRECT_OBJC_ISA_USAGE = YES_ERROR;
				CLANG_WARN_DOCUMENTATION_COMMENTS = YES;
				CLANG_WARN_EMPTY_BODY = YES;
				CLANG_WARN_ENUM_CONVERSION = YES;
				CLANG_WARN_INFINITE_RECURSION = YES;
				CLANG_WARN_INT_CONVERSION = YES;
				CLANG_WARN_NON_LITERAL_NULL_CONVERSION = YES;
				CLANG_WARN_OBJC_IMPLICIT_RETAIN_SELF = YES;
				CLANG_WARN_OBJC_LITERAL_CONVERSION = YES;
				CLANG_WARN_OBJC_ROOT_CLASS = YES_ERROR;
				CLANG_WARN_QUOTED_INCLUDE_IN_FRAMEWORK_HEADER = YES;
				CLANG_WARN_RANGE_LOOP_ANALYSIS = YES;
				CLANG_WARN_STRICT_PROTOTYPES = YES;
				CLANG_WARN_SUSPICIOUS_MOVE = YES;
				CLANG_WARN_UNGUARDED_AVAILABILITY = YES_AGGRESSIVE;
				CLANG_WARN_UNREACHABLE_CODE = YES;
				CLANG_WARN__DUPLICATE_METHOD_MATCH = YES;
				COPY_PHASE_STRIP = NO;
				DEBUG_INFORMATION_FORMAT = "dwarf-with-dsym";
				ENABLE_NS_ASSERTIONS = NO;
				ENABLE_STRICT_OBJC_MSGSEND = YES;
				ENABLE_USER_SCRIPT_SANDBOXING = YES;
				GCC_C_LANGUAGE_STANDARD = gnu17;
				GCC_NO_COMMON_BLOCKS = YES;
				GCC_WARN_64_TO_32_BIT_CONVERSION = YES;
				GCC_WARN_ABOUT_RETURN_TYPE = YES_ERROR;
				GCC_WARN_UNDECLARED_SELECTOR = YES;
				GCC_WARN_UNINITIALIZED_AUTOS = YES_AGGRESSIVE;
				GCC_WARN_UNUSED_FUNCTION = YES;
				GCC_WARN_UNUSED_VARIABLE = YES;
				IPHONEOS_DEPLOYMENT_TARGET = 13.0;
				LOCALIZATION_PREFERS_STRING_CATALOGS = YES;
				MTL_ENABLE_DEBUG_INFO = NO;
				MTL_FAST_MATH = YES;
				SDKROOT = iphoneos;
				SWIFT_COMPILATION_MODE = wholemodule;
				VALIDATE_PRODUCT = YES;
			};
			name = Release;
		};
		5C2FF4102C3415880045E3C9 /* Debug */ = {
			isa = XCBuildConfiguration;
			baseConfigurationReference = E142338C2253EBED04D8312E /* Pods-AdapterPattern.debug.xcconfig */;
			buildSettings = {
				ASSETCATALOG_COMPILER_APPICON_NAME = AppIcon;
				ASSETCATALOG_COMPILER_GLOBAL_ACCENT_COLOR_NAME = AccentColor;
				CODE_SIGN_STYLE = Automatic;
				CURRENT_PROJECT_VERSION = 1;
				ENABLE_USER_SCRIPT_SANDBOXING = NO;
				GENERATE_INFOPLIST_FILE = YES;
				INFOPLIST_FILE = AdapterPattern/Info.plist;
				INFOPLIST_KEY_UIApplicationSupportsIndirectInputEvents = YES;
				INFOPLIST_KEY_UILaunchStoryboardName = LaunchScreen;
				INFOPLIST_KEY_UIMainStoryboardFile = Main;
				INFOPLIST_KEY_UISupportedInterfaceOrientations_iPad = "UIInterfaceOrientationPortrait UIInterfaceOrientationPortraitUpsideDown UIInterfaceOrientationLandscapeLeft UIInterfaceOrientationLandscapeRight";
				INFOPLIST_KEY_UISupportedInterfaceOrientations_iPhone = "UIInterfaceOrientationPortrait UIInterfaceOrientationLandscapeLeft UIInterfaceOrientationLandscapeRight";
				IPHONEOS_DEPLOYMENT_TARGET = 13.0;
				LD_RUNPATH_SEARCH_PATHS = (
					"$(inherited)",
					"@executable_path/Frameworks",
				);
				MARKETING_VERSION = 1.0;
				PRODUCT_BUNDLE_IDENTIFIER = com.shuvro.AdapterPattern;
				PRODUCT_NAME = "$(TARGET_NAME)";
				SWIFT_EMIT_LOC_STRINGS = YES;
				SWIFT_VERSION = 5.0;
				TARGETED_DEVICE_FAMILY = "1,2";
			};
			name = Debug;
		};
		5C2FF4112C3415880045E3C9 /* Release */ = {
			isa = XCBuildConfiguration;
			baseConfigurationReference = 76225727ED7174883C6708D5 /* Pods-AdapterPattern.release.xcconfig */;
			buildSettings = {
				ASSETCATALOG_COMPILER_APPICON_NAME = AppIcon;
				ASSETCATALOG_COMPILER_GLOBAL_ACCENT_COLOR_NAME = AccentColor;
				CODE_SIGN_STYLE = Automatic;
				CURRENT_PROJECT_VERSION = 1;
				ENABLE_USER_SCRIPT_SANDBOXING = NO;
				GENERATE_INFOPLIST_FILE = YES;
				INFOPLIST_FILE = AdapterPattern/Info.plist;
				INFOPLIST_KEY_UIApplicationSupportsIndirectInputEvents = YES;
				INFOPLIST_KEY_UILaunchStoryboardName = LaunchScreen;
				INFOPLIST_KEY_UIMainStoryboardFile = Main;
				INFOPLIST_KEY_UISupportedInterfaceOrientations_iPad = "UIInterfaceOrientationPortrait UIInterfaceOrientationPortraitUpsideDown UIInterfaceOrientationLandscapeLeft UIInterfaceOrientationLandscapeRight";
				INFOPLIST_KEY_UISupportedInterfaceOrientations_iPhone = "UIInterfaceOrientationPortrait UIInterfaceOrientationLandscapeLeft UIInterfaceOrientationLandscapeRight";
				IPHONEOS_DEPLOYMENT_TARGET = 13.0;
				LD_RUNPATH_SEARCH_PATHS = (
					"$(inherited)",
					"@executable_path/Frameworks",
				);
				MARKETING_VERSION = 1.0;
				PRODUCT_BUNDLE_IDENTIFIER = com.shuvro.AdapterPattern;
				PRODUCT_NAME = "$(TARGET_NAME)";
				SWIFT_EMIT_LOC_STRINGS = YES;
				SWIFT_VERSION = 5.0;
				TARGETED_DEVICE_FAMILY = "1,2";
			};
			name = Release;
		};
		5C2FF4132C3415880045E3C9 /* Debug */ = {
			isa = XCBuildConfiguration;
			baseConfigurationReference = 837B6497A1A63AAC046DFE14 /* Pods-AdapterPatternTests.debug.xcconfig */;
			buildSettings = {
				ALWAYS_EMBED_SWIFT_STANDARD_LIBRARIES = YES;
				BUNDLE_LOADER = "$(TEST_HOST)";
				CODE_SIGN_STYLE = Automatic;
				CURRENT_PROJECT_VERSION = 1;
				GENERATE_INFOPLIST_FILE = YES;
				IPHONEOS_DEPLOYMENT_TARGET = 17.5;
				MARKETING_VERSION = 1.0;
				PRODUCT_BUNDLE_IDENTIFIER = com.shuvro.AdapterPatternTests;
				PRODUCT_NAME = "$(TARGET_NAME)";
				SWIFT_EMIT_LOC_STRINGS = NO;
				SWIFT_VERSION = 5.0;
				TARGETED_DEVICE_FAMILY = "1,2";
				TEST_HOST = "$(BUILT_PRODUCTS_DIR)/AdapterPattern.app/$(BUNDLE_EXECUTABLE_FOLDER_PATH)/AdapterPattern";
			};
			name = Debug;
		};
		5C2FF4142C3415880045E3C9 /* Release */ = {
			isa = XCBuildConfiguration;
			baseConfigurationReference = 8D9D0C2BE727CB7B926C58A7 /* Pods-AdapterPatternTests.release.xcconfig */;
			buildSettings = {
				ALWAYS_EMBED_SWIFT_STANDARD_LIBRARIES = YES;
				BUNDLE_LOADER = "$(TEST_HOST)";
				CODE_SIGN_STYLE = Automatic;
				CURRENT_PROJECT_VERSION = 1;
				GENERATE_INFOPLIST_FILE = YES;
				IPHONEOS_DEPLOYMENT_TARGET = 17.5;
				MARKETING_VERSION = 1.0;
				PRODUCT_BUNDLE_IDENTIFIER = com.shuvro.AdapterPatternTests;
				PRODUCT_NAME = "$(TARGET_NAME)";
				SWIFT_EMIT_LOC_STRINGS = NO;
				SWIFT_VERSION = 5.0;
				TARGETED_DEVICE_FAMILY = "1,2";
				TEST_HOST = "$(BUILT_PRODUCTS_DIR)/AdapterPattern.app/$(BUNDLE_EXECUTABLE_FOLDER_PATH)/AdapterPattern";
			};
			name = Release;
		};
		5C2FF4162C3415880045E3C9 /* Debug */ = {
			isa = XCBuildConfiguration;
			baseConfigurationReference = DF57775F9F0D5ED7A0114629 /* Pods-AdapterPattern-AdapterPatternUITests.debug.xcconfig */;
			buildSettings = {
				ALWAYS_EMBED_SWIFT_STANDARD_LIBRARIES = YES;
				CODE_SIGN_STYLE = Automatic;
				CURRENT_PROJECT_VERSION = 1;
				GENERATE_INFOPLIST_FILE = YES;
				MARKETING_VERSION = 1.0;
				PRODUCT_BUNDLE_IDENTIFIER = com.shuvro.AdapterPatternUITests;
				PRODUCT_NAME = "$(TARGET_NAME)";
				SWIFT_EMIT_LOC_STRINGS = NO;
				SWIFT_VERSION = 5.0;
				TARGETED_DEVICE_FAMILY = "1,2";
				TEST_TARGET_NAME = AdapterPattern;
			};
			name = Debug;
		};
		5C2FF4172C3415880045E3C9 /* Release */ = {
			isa = XCBuildConfiguration;
			baseConfigurationReference = 7577B2EAD00A56AC98F49093 /* Pods-AdapterPattern-AdapterPatternUITests.release.xcconfig */;
			buildSettings = {
				ALWAYS_EMBED_SWIFT_STANDARD_LIBRARIES = YES;
				CODE_SIGN_STYLE = Automatic;
				CURRENT_PROJECT_VERSION = 1;
				GENERATE_INFOPLIST_FILE = YES;
				MARKETING_VERSION = 1.0;
				PRODUCT_BUNDLE_IDENTIFIER = com.shuvro.AdapterPatternUITests;
				PRODUCT_NAME = "$(TARGET_NAME)";
				SWIFT_EMIT_LOC_STRINGS = NO;
				SWIFT_VERSION = 5.0;
				TARGETED_DEVICE_FAMILY = "1,2";
				TEST_TARGET_NAME = AdapterPattern;
			};
			name = Release;
		};
/* End XCBuildConfiguration section */

/* Begin XCConfigurationList section */
		5C2FF3DD2C3415850045E3C9 /* Build configuration list for PBXProject "AdapterPattern" */ = {
			isa = XCConfigurationList;
			buildConfigurations = (
				5C2FF40D2C3415880045E3C9 /* Debug */,
				5C2FF40E2C3415880045E3C9 /* Release */,
			);
			defaultConfigurationIsVisible = 0;
			defaultConfigurationName = Release;
		};
		5C2FF40F2C3415880045E3C9 /* Build configuration list for PBXNativeTarget "AdapterPattern" */ = {
			isa = XCConfigurationList;
			buildConfigurations = (
				5C2FF4102C3415880045E3C9 /* Debug */,
				5C2FF4112C3415880045E3C9 /* Release */,
			);
			defaultConfigurationIsVisible = 0;
			defaultConfigurationName = Release;
		};
		5C2FF4122C3415880045E3C9 /* Build configuration list for PBXNativeTarget "AdapterPatternTests" */ = {
			isa = XCConfigurationList;
			buildConfigurations = (
				5C2FF4132C3415880045E3C9 /* Debug */,
				5C2FF4142C3415880045E3C9 /* Release */,
			);
			defaultConfigurationIsVisible = 0;
			defaultConfigurationName = Release;
		};
		5C2FF4152C3415880045E3C9 /* Build configuration list for PBXNativeTarget "AdapterPatternUITests" */ = {
			isa = XCConfigurationList;
			buildConfigurations = (
				5C2FF4162C3415880045E3C9 /* Debug */,
				5C2FF4172C3415880045E3C9 /* Release */,
			);
			defaultConfigurationIsVisible = 0;
			defaultConfigurationName = Release;
		};
/* End XCConfigurationList section */

/* Begin XCRemoteSwiftPackageReference section */
		5C72DD9F2C349201008F8B30 /* XCRemoteSwiftPackageReference "CoreStore" */ = {
			isa = XCRemoteSwiftPackageReference;
			repositoryURL = "https://github.com/JohnEstropia/CoreStore.git";
			requirement = {
				kind = upToNextMajorVersion;
				minimumVersion = 9.2.0;
			};
		};
/* End XCRemoteSwiftPackageReference section */

/* Begin XCSwiftPackageProductDependency section */
		5C72DDA02C349201008F8B30 /* CoreStore */ = {
			isa = XCSwiftPackageProductDependency;
			package = 5C72DD9F2C349201008F8B30 /* XCRemoteSwiftPackageReference "CoreStore" */;
			productName = CoreStore;
		};
/* End XCSwiftPackageProductDependency section */

/* Begin XCVersionGroup section */
		5C2FF3EE2C3415850045E3C9 /* AdapterPattern.xcdatamodeld */ = {
			isa = XCVersionGroup;
			children = (
				5C2FF3EF2C3415850045E3C9 /* AdapterPattern.xcdatamodel */,
			);
			currentVersion = 5C2FF3EF2C3415850045E3C9 /* AdapterPattern.xcdatamodel */;
			path = AdapterPattern.xcdatamodeld;
			sourceTree = "<group>";
			versionGroupType = wrapper.xcdatamodel;
		};
/* End XCVersionGroup section */
	};
	rootObject = 5C2FF3DA2C3415850045E3C9 /* Project object */;
}
